
Microsoft Visual Studio Solution File, Format Version 12.00
# Visual Studio Version 17
VisualStudioVersion = 17.11.35303.130
MinimumVisualStudioVersion = 10.0.40219.1
Project("{FAE04EC0-301F-11D3-BF4B-00C04F79EFBC}") = "zezzio1", "zezzio1\zezzio1.csproj", "{30A98984-0D5F-4D41-A2F3-FE5A3943FDBC}"
EndProject
Global
	GlobalSection(SolutionConfigurationPlatforms) = preSolution
		Debug|Any CPU = Debug|Any CPU
		Release|Any CPU = Release|Any CPU
	EndGlobalSection
	GlobalSection(ProjectConfigurationPlatforms) = postSolution
		{30A98984-0D5F-4D41-A2F3-FE5A3943FDBC}.Debug|Any CPU.ActiveCfg = Debug|Any CPU
		{30A98984-0D5F-4D41-A2F3-FE5A3943FDBC}.Debug|Any CPU.Build.0 = Debug|Any CPU
		{30A98984-0D5F-4D41-A2F3-FE5A3943FDBC}.Release|Any CPU.ActiveCfg = Release|Any CPU
		{30A98984-0D5F-4D41-A2F3-FE5A3943FDBC}.Release|Any CPU.Build.0 = Release|Any CPU
	EndGlobalSection
	GlobalSection(SolutionProperties) = preSolution
		HideSolutionNode = FALSE
	EndGlobalSection
	GlobalSection(ExtensibilityGlobals) = postSolution
		SolutionGuid = {DFA64A27-627B-4F3B-B40D-A4303C4E518D}
	EndGlobalSection
EndGlobal
